
Microsoft Visual Studio Solution File, Format Version 12.00
# Visual Studio Version 17
VisualStudioVersion = 17.10.34928.147
MinimumVisualStudioVersion = 10.0.40219.1
Project("{FAE04EC0-301F-11D3-BF4B-00C04F79EFBC}") = "LayoutViewsExample", "LayoutViewsExample\LayoutViewsExample.csproj", "{879C17A2-140F-4FED-B4B5-ECCE8054D52E}"
EndProject
Global
	GlobalSection(SolutionConfigurationPlatforms) = preSolution
		Debug|Any CPU = Debug|Any CPU
		Release|Any CPU = Release|Any CPU
	EndGlobalSection
	GlobalSection(ProjectConfigurationPlatforms) = postSolution
		{879C17A2-140F-4FED-B4B5-ECCE8054D52E}.Debug|Any CPU.ActiveCfg = Debug|Any CPU
		{879C17A2-140F-4FED-B4B5-ECCE8054D52E}.Debug|Any CPU.Build.0 = Debug|Any CPU
		{879C17A2-140F-4FED-B4B5-ECCE8054D52E}.Release|Any CPU.ActiveCfg = Release|Any CPU
		{879C17A2-140F-4FED-B4B5-ECCE8054D52E}.Release|Any CPU.Build.0 = Release|Any CPU
	EndGlobalSection
	GlobalSection(SolutionProperties) = preSolution
		HideSolutionNode = FALSE
	EndGlobalSection
	GlobalSection(ExtensibilityGlobals) = postSolution
		SolutionGuid = {C2CF6B7F-DAE4-44B7-BC56-8E43D40A00F3}
	EndGlobalSection
EndGlobal
