
Microsoft Visual Studio Solution File, Format Version 12.00
# Visual Studio Version 17
VisualStudioVersion = 17.10.34928.147
MinimumVisualStudioVersion = 10.0.40219.1
Project("{FAE04EC0-301F-11D3-BF4B-00C04F79EFBC}") = "PartialViewsExample", "PartialViewsExample\PartialViewsExample.csproj", "{16889647-321C-4C35-BC17-D65ED0998A85}"
EndProject
Global
	GlobalSection(SolutionConfigurationPlatforms) = preSolution
		Debug|Any CPU = Debug|Any CPU
		Release|Any CPU = Release|Any CPU
	EndGlobalSection
	GlobalSection(ProjectConfigurationPlatforms) = postSolution
		{16889647-321C-4C35-BC17-D65ED0998A85}.Debug|Any CPU.ActiveCfg = Debug|Any CPU
		{16889647-321C-4C35-BC17-D65ED0998A85}.Debug|Any CPU.Build.0 = Debug|Any CPU
		{16889647-321C-4C35-BC17-D65ED0998A85}.Release|Any CPU.ActiveCfg = Release|Any CPU
		{16889647-321C-4C35-BC17-D65ED0998A85}.Release|Any CPU.Build.0 = Release|Any CPU
	EndGlobalSection
	GlobalSection(SolutionProperties) = preSolution
		HideSolutionNode = FALSE
	EndGlobalSection
	GlobalSection(ExtensibilityGlobals) = postSolution
		SolutionGuid = {D10D887B-D5BE-4314-B174-B8DFB4DDEEE8}
	EndGlobalSection
EndGlobal
