
Microsoft Visual Studio Solution File, Format Version 12.00
# Visual Studio Version 17
VisualStudioVersion = 17.10.34928.147
MinimumVisualStudioVersion = 10.0.40219.1
Project("{FAE04EC0-301F-11D3-BF4B-00C04F79EFBC}") = "MathHTTP", "MathHTTP\MathHTTP.csproj", "{07FBC8F3-AE96-41BE-9169-DC8A1B4D491D}"
EndProject
Global
	GlobalSection(SolutionConfigurationPlatforms) = preSolution
		Debug|Any CPU = Debug|Any CPU
		Release|Any CPU = Release|Any CPU
	EndGlobalSection
	GlobalSection(ProjectConfigurationPlatforms) = postSolution
		{07FBC8F3-AE96-41BE-9169-DC8A1B4D491D}.Debug|Any CPU.ActiveCfg = Debug|Any CPU
		{07FBC8F3-AE96-41BE-9169-DC8A1B4D491D}.Debug|Any CPU.Build.0 = Debug|Any CPU
		{07FBC8F3-AE96-41BE-9169-DC8A1B4D491D}.Release|Any CPU.ActiveCfg = Release|Any CPU
		{07FBC8F3-AE96-41BE-9169-DC8A1B4D491D}.Release|Any CPU.Build.0 = Release|Any CPU
	EndGlobalSection
	GlobalSection(SolutionProperties) = preSolution
		HideSolutionNode = FALSE
	EndGlobalSection
	GlobalSection(ExtensibilityGlobals) = postSolution
		SolutionGuid = {02C8C9E9-91C0-4B1C-9F77-286FCE88F9D2}
	EndGlobalSection
EndGlobal
