
Microsoft Visual Studio Solution File, Format Version 12.00
# Visual Studio Version 17
VisualStudioVersion = 17.10.34928.147
MinimumVisualStudioVersion = 10.0.40219.1
Project("{FAE04EC0-301F-11D3-BF4B-00C04F79EFBC}") = "UseWhenExample", "UseWhenExample\UseWhenExample.csproj", "{555DFE54-7BFD-4F71-823C-7B9861BB16FE}"
EndProject
Global
	GlobalSection(SolutionConfigurationPlatforms) = preSolution
		Debug|Any CPU = Debug|Any CPU
		Release|Any CPU = Release|Any CPU
	EndGlobalSection
	GlobalSection(ProjectConfigurationPlatforms) = postSolution
		{555DFE54-7BFD-4F71-823C-7B9861BB16FE}.Debug|Any CPU.ActiveCfg = Debug|Any CPU
		{555DFE54-7BFD-4F71-823C-7B9861BB16FE}.Debug|Any CPU.Build.0 = Debug|Any CPU
		{555DFE54-7BFD-4F71-823C-7B9861BB16FE}.Release|Any CPU.ActiveCfg = Release|Any CPU
		{555DFE54-7BFD-4F71-823C-7B9861BB16FE}.Release|Any CPU.Build.0 = Release|Any CPU
	EndGlobalSection
	GlobalSection(SolutionProperties) = preSolution
		HideSolutionNode = FALSE
	EndGlobalSection
	GlobalSection(ExtensibilityGlobals) = postSolution
		SolutionGuid = {2D8CC444-E4A4-4754-BD72-9A0B879C7240}
	EndGlobalSection
EndGlobal
