
Microsoft Visual Studio Solution File, Format Version 12.00
# Visual Studio Version 17
VisualStudioVersion = 17.10.35122.118
MinimumVisualStudioVersion = 10.0.40219.1
Project("{FAE04EC0-301F-11D3-BF4B-00C04F79EFBC}") = "StockAppCRUD", "StockAppCRUD\StockAppCRUD.csproj", "{391D568B-EB38-4B0E-8912-39BA55B34EDC}"
EndProject
Project("{FAE04EC0-301F-11D3-BF4B-00C04F79EFBC}") = "Entities", "Entities\Entities.csproj", "{15EDAF9C-A5C3-498D-81B3-DAB28CAF1822}"
EndProject
Project("{FAE04EC0-301F-11D3-BF4B-00C04F79EFBC}") = "ProjectTests", "ProjectTests\ProjectTests.csproj", "{50DE4492-0D3B-46B9-9599-61D076874BC4}"
EndProject
Project("{FAE04EC0-301F-11D3-BF4B-00C04F79EFBC}") = "ServiceContracts", "ServiceContracts\ServiceContracts.csproj", "{CD074952-FBE7-49DD-B1E1-D8DE474AE0B4}"
EndProject
Project("{FAE04EC0-301F-11D3-BF4B-00C04F79EFBC}") = "Services", "Services\Services.csproj", "{0652C4FA-B977-4897-91C5-1448C678C5BE}"
EndProject
Global
	GlobalSection(SolutionConfigurationPlatforms) = preSolution
		Debug|Any CPU = Debug|Any CPU
		Release|Any CPU = Release|Any CPU
	EndGlobalSection
	GlobalSection(ProjectConfigurationPlatforms) = postSolution
		{391D568B-EB38-4B0E-8912-39BA55B34EDC}.Debug|Any CPU.ActiveCfg = Debug|Any CPU
		{391D568B-EB38-4B0E-8912-39BA55B34EDC}.Debug|Any CPU.Build.0 = Debug|Any CPU
		{391D568B-EB38-4B0E-8912-39BA55B34EDC}.Release|Any CPU.ActiveCfg = Release|Any CPU
		{391D568B-EB38-4B0E-8912-39BA55B34EDC}.Release|Any CPU.Build.0 = Release|Any CPU
		{15EDAF9C-A5C3-498D-81B3-DAB28CAF1822}.Debug|Any CPU.ActiveCfg = Debug|Any CPU
		{15EDAF9C-A5C3-498D-81B3-DAB28CAF1822}.Debug|Any CPU.Build.0 = Debug|Any CPU
		{15EDAF9C-A5C3-498D-81B3-DAB28CAF1822}.Release|Any CPU.ActiveCfg = Release|Any CPU
		{15EDAF9C-A5C3-498D-81B3-DAB28CAF1822}.Release|Any CPU.Build.0 = Release|Any CPU
		{50DE4492-0D3B-46B9-9599-61D076874BC4}.Debug|Any CPU.ActiveCfg = Debug|Any CPU
		{50DE4492-0D3B-46B9-9599-61D076874BC4}.Debug|Any CPU.Build.0 = Debug|Any CPU
		{50DE4492-0D3B-46B9-9599-61D076874BC4}.Release|Any CPU.ActiveCfg = Release|Any CPU
		{50DE4492-0D3B-46B9-9599-61D076874BC4}.Release|Any CPU.Build.0 = Release|Any CPU
		{CD074952-FBE7-49DD-B1E1-D8DE474AE0B4}.Debug|Any CPU.ActiveCfg = Debug|Any CPU
		{CD074952-FBE7-49DD-B1E1-D8DE474AE0B4}.Debug|Any CPU.Build.0 = Debug|Any CPU
		{CD074952-FBE7-49DD-B1E1-D8DE474AE0B4}.Release|Any CPU.ActiveCfg = Release|Any CPU
		{CD074952-FBE7-49DD-B1E1-D8DE474AE0B4}.Release|Any CPU.Build.0 = Release|Any CPU
		{0652C4FA-B977-4897-91C5-1448C678C5BE}.Debug|Any CPU.ActiveCfg = Debug|Any CPU
		{0652C4FA-B977-4897-91C5-1448C678C5BE}.Debug|Any CPU.Build.0 = Debug|Any CPU
		{0652C4FA-B977-4897-91C5-1448C678C5BE}.Release|Any CPU.ActiveCfg = Release|Any CPU
		{0652C4FA-B977-4897-91C5-1448C678C5BE}.Release|Any CPU.Build.0 = Release|Any CPU
	EndGlobalSection
	GlobalSection(SolutionProperties) = preSolution
		HideSolutionNode = FALSE
	EndGlobalSection
	GlobalSection(ExtensibilityGlobals) = postSolution
		SolutionGuid = {042ECE24-D52E-4B38-8EE6-05E452EB1281}
	EndGlobalSection
EndGlobal
