
Microsoft Visual Studio Solution File, Format Version 12.00
# Visual Studio Version 17
VisualStudioVersion = 17.10.34928.147
MinimumVisualStudioVersion = 10.0.40219.1
Project("{FAE04EC0-301F-11D3-BF4B-00C04F79EFBC}") = "CountriesApp", "CountriesApp\CountriesApp.csproj", "{18D2E419-0BE2-45E4-A3D3-8F92DDFB94BE}"
EndProject
Global
	GlobalSection(SolutionConfigurationPlatforms) = preSolution
		Debug|Any CPU = Debug|Any CPU
		Release|Any CPU = Release|Any CPU
	EndGlobalSection
	GlobalSection(ProjectConfigurationPlatforms) = postSolution
		{18D2E419-0BE2-45E4-A3D3-8F92DDFB94BE}.Debug|Any CPU.ActiveCfg = Debug|Any CPU
		{18D2E419-0BE2-45E4-A3D3-8F92DDFB94BE}.Debug|Any CPU.Build.0 = Debug|Any CPU
		{18D2E419-0BE2-45E4-A3D3-8F92DDFB94BE}.Release|Any CPU.ActiveCfg = Release|Any CPU
		{18D2E419-0BE2-45E4-A3D3-8F92DDFB94BE}.Release|Any CPU.Build.0 = Release|Any CPU
	EndGlobalSection
	GlobalSection(SolutionProperties) = preSolution
		HideSolutionNode = FALSE
	EndGlobalSection
	GlobalSection(ExtensibilityGlobals) = postSolution
		SolutionGuid = {00C765EF-BB81-40A3-BADE-EA917C4D031E}
	EndGlobalSection
EndGlobal
