
Microsoft Visual Studio Solution File, Format Version 12.00
# Visual Studio Version 17
VisualStudioVersion = 17.10.35122.118
MinimumVisualStudioVersion = 10.0.40219.1
Project("{FAE04EC0-301F-11D3-BF4B-00C04F79EFBC}") = "WeatherAppPartialViews", "WeatherAppPartialViews\WeatherAppPartialViews.csproj", "{66669C21-7BB6-46A6-8315-887628360B98}"
EndProject
Global
	GlobalSection(SolutionConfigurationPlatforms) = preSolution
		Debug|Any CPU = Debug|Any CPU
		Release|Any CPU = Release|Any CPU
	EndGlobalSection
	GlobalSection(ProjectConfigurationPlatforms) = postSolution
		{66669C21-7BB6-46A6-8315-887628360B98}.Debug|Any CPU.ActiveCfg = Debug|Any CPU
		{66669C21-7BB6-46A6-8315-887628360B98}.Debug|Any CPU.Build.0 = Debug|Any CPU
		{66669C21-7BB6-46A6-8315-887628360B98}.Release|Any CPU.ActiveCfg = Release|Any CPU
		{66669C21-7BB6-46A6-8315-887628360B98}.Release|Any CPU.Build.0 = Release|Any CPU
	EndGlobalSection
	GlobalSection(SolutionProperties) = preSolution
		HideSolutionNode = FALSE
	EndGlobalSection
	GlobalSection(ExtensibilityGlobals) = postSolution
		SolutionGuid = {3DE5DEF3-410C-43CA-BEE5-6C643088F4D7}
	EndGlobalSection
EndGlobal
