
Microsoft Visual Studio Solution File, Format Version 12.00
# Visual Studio Version 17
VisualStudioVersion = 17.10.34928.147
MinimumVisualStudioVersion = 10.0.40219.1
Project("{FAE04EC0-301F-11D3-BF4B-00C04F79EFBC}") = "e-CommerceOrdersApp", "e-CommerceOrdersApp\e-CommerceOrdersApp.csproj", "{5299BC5E-4DED-4842-8CEE-D756EB27B927}"
EndProject
Global
	GlobalSection(SolutionConfigurationPlatforms) = preSolution
		Debug|Any CPU = Debug|Any CPU
		Release|Any CPU = Release|Any CPU
	EndGlobalSection
	GlobalSection(ProjectConfigurationPlatforms) = postSolution
		{5299BC5E-4DED-4842-8CEE-D756EB27B927}.Debug|Any CPU.ActiveCfg = Debug|Any CPU
		{5299BC5E-4DED-4842-8CEE-D756EB27B927}.Debug|Any CPU.Build.0 = Debug|Any CPU
		{5299BC5E-4DED-4842-8CEE-D756EB27B927}.Release|Any CPU.ActiveCfg = Release|Any CPU
		{5299BC5E-4DED-4842-8CEE-D756EB27B927}.Release|Any CPU.Build.0 = Release|Any CPU
	EndGlobalSection
	GlobalSection(SolutionProperties) = preSolution
		HideSolutionNode = FALSE
	EndGlobalSection
	GlobalSection(ExtensibilityGlobals) = postSolution
		SolutionGuid = {82D38922-0647-491C-AE82-E19566B49993}
	EndGlobalSection
EndGlobal
