
Microsoft Visual Studio Solution File, Format Version 12.00
# Visual Studio Version 17
VisualStudioVersion = 17.10.34928.147
MinimumVisualStudioVersion = 10.0.40219.1
Project("{FAE04EC0-301F-11D3-BF4B-00C04F79EFBC}") = "LoginMiddleware", "LoginMiddleware\LoginMiddleware.csproj", "{BA85B9D6-64FF-42B3-BA64-CCAF961889DA}"
EndProject
Global
	GlobalSection(SolutionConfigurationPlatforms) = preSolution
		Debug|Any CPU = Debug|Any CPU
		Release|Any CPU = Release|Any CPU
	EndGlobalSection
	GlobalSection(ProjectConfigurationPlatforms) = postSolution
		{BA85B9D6-64FF-42B3-BA64-CCAF961889DA}.Debug|Any CPU.ActiveCfg = Debug|Any CPU
		{BA85B9D6-64FF-42B3-BA64-CCAF961889DA}.Debug|Any CPU.Build.0 = Debug|Any CPU
		{BA85B9D6-64FF-42B3-BA64-CCAF961889DA}.Release|Any CPU.ActiveCfg = Release|Any CPU
		{BA85B9D6-64FF-42B3-BA64-CCAF961889DA}.Release|Any CPU.Build.0 = Release|Any CPU
	EndGlobalSection
	GlobalSection(SolutionProperties) = preSolution
		HideSolutionNode = FALSE
	EndGlobalSection
	GlobalSection(ExtensibilityGlobals) = postSolution
		SolutionGuid = {10449A4B-5A4D-4108-A481-6F134A417BD2}
	EndGlobalSection
EndGlobal
