
Microsoft Visual Studio Solution File, Format Version 12.00
# Visual Studio Version 17
VisualStudioVersion = 17.10.34928.147
MinimumVisualStudioVersion = 10.0.40219.1
Project("{FAE04EC0-301F-11D3-BF4B-00C04F79EFBC}") = "ControllersExample", "ControllersExample\ControllersExample.csproj", "{0F06CEB1-9496-4CBD-88C5-BC1B484CBF49}"
EndProject
Global
	GlobalSection(SolutionConfigurationPlatforms) = preSolution
		Debug|Any CPU = Debug|Any CPU
		Release|Any CPU = Release|Any CPU
	EndGlobalSection
	GlobalSection(ProjectConfigurationPlatforms) = postSolution
		{0F06CEB1-9496-4CBD-88C5-BC1B484CBF49}.Debug|Any CPU.ActiveCfg = Debug|Any CPU
		{0F06CEB1-9496-4CBD-88C5-BC1B484CBF49}.Debug|Any CPU.Build.0 = Debug|Any CPU
		{0F06CEB1-9496-4CBD-88C5-BC1B484CBF49}.Release|Any CPU.ActiveCfg = Release|Any CPU
		{0F06CEB1-9496-4CBD-88C5-BC1B484CBF49}.Release|Any CPU.Build.0 = Release|Any CPU
	EndGlobalSection
	GlobalSection(SolutionProperties) = preSolution
		HideSolutionNode = FALSE
	EndGlobalSection
	GlobalSection(ExtensibilityGlobals) = postSolution
		SolutionGuid = {3F67B7B5-7DB6-4AD5-871E-85D8F4A6AA30}
	EndGlobalSection
EndGlobal
