
Microsoft Visual Studio Solution File, Format Version 12.00
# Visual Studio Version 17
VisualStudioVersion = 17.10.34928.147
MinimumVisualStudioVersion = 10.0.40219.1
Project("{FAE04EC0-301F-11D3-BF4B-00C04F79EFBC}") = "WeatherAppRazorViews", "WeatherAppRazorViews\WeatherAppRazorViews.csproj", "{CFEAE4E8-154F-4DC8-AC9E-6BF9E088E10B}"
EndProject
Global
	GlobalSection(SolutionConfigurationPlatforms) = preSolution
		Debug|Any CPU = Debug|Any CPU
		Release|Any CPU = Release|Any CPU
	EndGlobalSection
	GlobalSection(ProjectConfigurationPlatforms) = postSolution
		{CFEAE4E8-154F-4DC8-AC9E-6BF9E088E10B}.Debug|Any CPU.ActiveCfg = Debug|Any CPU
		{CFEAE4E8-154F-4DC8-AC9E-6BF9E088E10B}.Debug|Any CPU.Build.0 = Debug|Any CPU
		{CFEAE4E8-154F-4DC8-AC9E-6BF9E088E10B}.Release|Any CPU.ActiveCfg = Release|Any CPU
		{CFEAE4E8-154F-4DC8-AC9E-6BF9E088E10B}.Release|Any CPU.Build.0 = Release|Any CPU
	EndGlobalSection
	GlobalSection(SolutionProperties) = preSolution
		HideSolutionNode = FALSE
	EndGlobalSection
	GlobalSection(ExtensibilityGlobals) = postSolution
		SolutionGuid = {F1B4C6DB-D9AC-43CB-84D8-AE603811F162}
	EndGlobalSection
EndGlobal
