
Microsoft Visual Studio Solution File, Format Version 12.00
# Visual Studio Version 17
VisualStudioVersion = 17.11.35208.52
MinimumVisualStudioVersion = 10.0.40219.1
Project("{FAE04EC0-301F-11D3-BF4B-00C04F79EFBC}") = "StockAppEntityFramework", "StockAppEntityFramework\StockAppEntityFramework.csproj", "{677971C6-A254-41A5-AF90-F62426415AD2}"
EndProject
Project("{FAE04EC0-301F-11D3-BF4B-00C04F79EFBC}") = "Entities", "Entities\Entities.csproj", "{7F0512C7-1D52-4FD0-AA11-990514A83461}"
EndProject
Project("{FAE04EC0-301F-11D3-BF4B-00C04F79EFBC}") = "ProjectTests", "ProjectTests\ProjectTests.csproj", "{35A2A157-2D74-4409-B54D-E7C7CA9B71B0}"
EndProject
Project("{FAE04EC0-301F-11D3-BF4B-00C04F79EFBC}") = "ServiceContracts", "ServiceContracts\ServiceContracts.csproj", "{5D1D5501-5EA4-4C61-96E3-AA72EC64D69E}"
EndProject
Project("{FAE04EC0-301F-11D3-BF4B-00C04F79EFBC}") = "Services", "Services\Services.csproj", "{977DCA77-281B-42FE-96E1-2FAD7951E722}"
EndProject
Global
	GlobalSection(SolutionConfigurationPlatforms) = preSolution
		Debug|Any CPU = Debug|Any CPU
		Release|Any CPU = Release|Any CPU
	EndGlobalSection
	GlobalSection(ProjectConfigurationPlatforms) = postSolution
		{677971C6-A254-41A5-AF90-F62426415AD2}.Debug|Any CPU.ActiveCfg = Debug|Any CPU
		{677971C6-A254-41A5-AF90-F62426415AD2}.Debug|Any CPU.Build.0 = Debug|Any CPU
		{677971C6-A254-41A5-AF90-F62426415AD2}.Release|Any CPU.ActiveCfg = Release|Any CPU
		{677971C6-A254-41A5-AF90-F62426415AD2}.Release|Any CPU.Build.0 = Release|Any CPU
		{7F0512C7-1D52-4FD0-AA11-990514A83461}.Debug|Any CPU.ActiveCfg = Debug|Any CPU
		{7F0512C7-1D52-4FD0-AA11-990514A83461}.Debug|Any CPU.Build.0 = Debug|Any CPU
		{7F0512C7-1D52-4FD0-AA11-990514A83461}.Release|Any CPU.ActiveCfg = Release|Any CPU
		{7F0512C7-1D52-4FD0-AA11-990514A83461}.Release|Any CPU.Build.0 = Release|Any CPU
		{35A2A157-2D74-4409-B54D-E7C7CA9B71B0}.Debug|Any CPU.ActiveCfg = Debug|Any CPU
		{35A2A157-2D74-4409-B54D-E7C7CA9B71B0}.Debug|Any CPU.Build.0 = Debug|Any CPU
		{35A2A157-2D74-4409-B54D-E7C7CA9B71B0}.Release|Any CPU.ActiveCfg = Release|Any CPU
		{35A2A157-2D74-4409-B54D-E7C7CA9B71B0}.Release|Any CPU.Build.0 = Release|Any CPU
		{5D1D5501-5EA4-4C61-96E3-AA72EC64D69E}.Debug|Any CPU.ActiveCfg = Debug|Any CPU
		{5D1D5501-5EA4-4C61-96E3-AA72EC64D69E}.Debug|Any CPU.Build.0 = Debug|Any CPU
		{5D1D5501-5EA4-4C61-96E3-AA72EC64D69E}.Release|Any CPU.ActiveCfg = Release|Any CPU
		{5D1D5501-5EA4-4C61-96E3-AA72EC64D69E}.Release|Any CPU.Build.0 = Release|Any CPU
		{977DCA77-281B-42FE-96E1-2FAD7951E722}.Debug|Any CPU.ActiveCfg = Debug|Any CPU
		{977DCA77-281B-42FE-96E1-2FAD7951E722}.Debug|Any CPU.Build.0 = Debug|Any CPU
		{977DCA77-281B-42FE-96E1-2FAD7951E722}.Release|Any CPU.ActiveCfg = Release|Any CPU
		{977DCA77-281B-42FE-96E1-2FAD7951E722}.Release|Any CPU.Build.0 = Release|Any CPU
	EndGlobalSection
	GlobalSection(SolutionProperties) = preSolution
		HideSolutionNode = FALSE
	EndGlobalSection
	GlobalSection(ExtensibilityGlobals) = postSolution
		SolutionGuid = {2D14BC79-4D7F-48C2-BD59-FDB7F24AD053}
	EndGlobalSection
EndGlobal
