
Microsoft Visual Studio Solution File, Format Version 12.00
# Visual Studio Version 17
VisualStudioVersion = 17.10.35122.118
MinimumVisualStudioVersion = 10.0.40219.1
Project("{FAE04EC0-301F-11D3-BF4B-00C04F79EFBC}") = "StocksApp", "StocksApp\StocksApp.csproj", "{4F580F35-FBB2-471D-9340-4AD7CD8523AA}"
EndProject
Global
	GlobalSection(SolutionConfigurationPlatforms) = preSolution
		Debug|Any CPU = Debug|Any CPU
		Release|Any CPU = Release|Any CPU
	EndGlobalSection
	GlobalSection(ProjectConfigurationPlatforms) = postSolution
		{4F580F35-FBB2-471D-9340-4AD7CD8523AA}.Debug|Any CPU.ActiveCfg = Debug|Any CPU
		{4F580F35-FBB2-471D-9340-4AD7CD8523AA}.Debug|Any CPU.Build.0 = Debug|Any CPU
		{4F580F35-FBB2-471D-9340-4AD7CD8523AA}.Release|Any CPU.ActiveCfg = Release|Any CPU
		{4F580F35-FBB2-471D-9340-4AD7CD8523AA}.Release|Any CPU.Build.0 = Release|Any CPU
	EndGlobalSection
	GlobalSection(SolutionProperties) = preSolution
		HideSolutionNode = FALSE
	EndGlobalSection
	GlobalSection(ExtensibilityGlobals) = postSolution
		SolutionGuid = {4CB193CA-BA68-4E94-8AE2-7C302AE48250}
	EndGlobalSection
EndGlobal
